
Microsoft Visual Studio Solution File, Format Version 12.00
# Visual Studio Version 17
VisualStudioVersion = 17.4.33213.308
MinimumVisualStudioVersion = 10.0.40219.1
Project("{9A19103F-16F7-4668-BE54-9A1E7A4F7556}") = "TypeScriptKnockout.Web", "TypeScriptKnockout.Web\TypeScriptKnockout.Web.csproj", "{CE027462-0E2C-475B-8433-793C4B339912}"
EndProject
Global
	GlobalSection(SolutionConfigurationPlatforms) = preSolution
		Debug|Any CPU = Debug|Any CPU
		Release|Any CPU = Release|Any CPU
	EndGlobalSection
	GlobalSection(ProjectConfigurationPlatforms) = postSolution
		{CE027462-0E2C-475B-8433-793C4B339912}.Debug|Any CPU.ActiveCfg = Debug|Any CPU
		{CE027462-0E2C-475B-8433-793C4B339912}.Debug|Any CPU.Build.0 = Debug|Any CPU
		{CE027462-0E2C-475B-8433-793C4B339912}.Release|Any CPU.ActiveCfg = Release|Any CPU
		{CE027462-0E2C-475B-8433-793C4B339912}.Release|Any CPU.Build.0 = Release|Any CPU
	EndGlobalSection
	GlobalSection(SolutionProperties) = preSolution
		HideSolutionNode = FALSE
	EndGlobalSection
	GlobalSection(ExtensibilityGlobals) = postSolution
		SolutionGuid = {E01B8BF2-34DE-4632-A7E8-B93620F743D8}
	EndGlobalSection
EndGlobal
