
Microsoft Visual Studio Solution File, Format Version 12.00
# Visual Studio Version 17
VisualStudioVersion = 17.4.33213.308
MinimumVisualStudioVersion = 10.0.40219.1
Project("{9A19103F-16F7-4668-BE54-9A1E7A4F7556}") = "DotNetNewKnockout", "DotNetNewKnockout.csproj", "{DA90FDD9-41E6-4233-BC3F-6AA9E883B249}"
EndProject
Global
	GlobalSection(SolutionConfigurationPlatforms) = preSolution
		Debug|Any CPU = Debug|Any CPU
		Release|Any CPU = Release|Any CPU
	EndGlobalSection
	GlobalSection(ProjectConfigurationPlatforms) = postSolution
		{DA90FDD9-41E6-4233-BC3F-6AA9E883B249}.Debug|Any CPU.ActiveCfg = Debug|Any CPU
		{DA90FDD9-41E6-4233-BC3F-6AA9E883B249}.Debug|Any CPU.Build.0 = Debug|Any CPU
		{DA90FDD9-41E6-4233-BC3F-6AA9E883B249}.Release|Any CPU.ActiveCfg = Release|Any CPU
		{DA90FDD9-41E6-4233-BC3F-6AA9E883B249}.Release|Any CPU.Build.0 = Release|Any CPU
	EndGlobalSection
	GlobalSection(SolutionProperties) = preSolution
		HideSolutionNode = FALSE
	EndGlobalSection
	GlobalSection(ExtensibilityGlobals) = postSolution
		SolutionGuid = {432D3954-F8AA-42D6-8771-8752C614D97E}
	EndGlobalSection
EndGlobal
